// !$*UTF8*$!
{
	archiveVersion = 1;
	classes = {
	};
	objectVersion = 56;
	objects = {

/* Begin PBXBuildFile section */
		14B85AE32C3C06D7007A7004 /* OnBoardingChoseView.swift in Sources */ = {isa = PBXBuildFile; fileRef = 14B85AE22C3C06D7007A7004 /* OnBoardingChoseView.swift */; };
		14B85AE52C3C1790007A7004 /* Layout.swift in Sources */ = {isa = PBXBuildFile; fileRef = 14B85AE42C3C1790007A7004 /* Layout.swift */; };
		14B85AE72C3C2C58007A7004 /* CardView.swift in Sources */ = {isa = PBXBuildFile; fileRef = 14B85AE62C3C2C58007A7004 /* CardView.swift */; };
		14ECE0EE2C36EAFC0046165F /* NutritionResponse.swift in Sources */ = {isa = PBXBuildFile; fileRef = 14ECE0ED2C36EAFC0046165F /* NutritionResponse.swift */; };
		14ECE0F52C36EBC60046165F /* ServiceApi.swift in Sources */ = {isa = PBXBuildFile; fileRef = 14ECE0F42C36EBC60046165F /* ServiceApi.swift */; };
		B82EFAA52C35804F006A818D /* MyCaloriesApp.swift in Sources */ = {isa = PBXBuildFile; fileRef = B82EFAA42C35804F006A818D /* MyCaloriesApp.swift */; };
		B82EFAA92C358051006A818D /* Assets.xcassets in Resources */ = {isa = PBXBuildFile; fileRef = B82EFAA82C358051006A818D /* Assets.xcassets */; };
		B82EFAAC2C358051006A818D /* Preview Assets.xcassets in Resources */ = {isa = PBXBuildFile; fileRef = B82EFAAB2C358051006A818D /* Preview Assets.xcassets */; };
/* End PBXBuildFile section */

/* Begin PBXFileReference section */
		14B85AE22C3C06D7007A7004 /* OnBoardingChoseView.swift */ = {isa = PBXFileReference; lastKnownFileType = sourcecode.swift; path = OnBoardingChoseView.swift; sourceTree = "<group>"; };
		14B85AE42C3C1790007A7004 /* Layout.swift */ = {isa = PBXFileReference; lastKnownFileType = sourcecode.swift; path = Layout.swift; sourceTree = "<group>"; };
		14B85AE62C3C2C58007A7004 /* CardView.swift */ = {isa = PBXFileReference; lastKnownFileType = sourcecode.swift; path = CardView.swift; sourceTree = "<group>"; };
		14ECE0ED2C36EAFC0046165F /* NutritionResponse.swift */ = {isa = PBXFileReference; lastKnownFileType = sourcecode.swift; path = NutritionResponse.swift; sourceTree = "<group>"; };
		14ECE0F42C36EBC60046165F /* ServiceApi.swift */ = {isa = PBXFileReference; lastKnownFileType = sourcecode.swift; path = ServiceApi.swift; sourceTree = "<group>"; };
		B82EFAA12C35804F006A818D /* MyCalories.app */ = {isa = PBXFileReference; explicitFileType = wrapper.application; includeInIndex = 0; path = MyCalories.app; sourceTree = BUILT_PRODUCTS_DIR; };
		B82EFAA42C35804F006A818D /* MyCaloriesApp.swift */ = {isa = PBXFileReference; lastKnownFileType = sourcecode.swift; path = MyCaloriesApp.swift; sourceTree = "<group>"; };
		B82EFAA82C358051006A818D /* Assets.xcassets */ = {isa = PBXFileReference; lastKnownFileType = folder.assetcatalog; path = Assets.xcassets; sourceTree = "<group>"; };
		B82EFAAB2C358051006A818D /* Preview Assets.xcassets */ = {isa = PBXFileReference; lastKnownFileType = folder.assetcatalog; path = "Preview Assets.xcassets"; sourceTree = "<group>"; };
/* End PBXFileReference section */

/* Begin PBXFrameworksBuildPhase section */
		B82EFA9E2C35804F006A818D /* Frameworks */ = {
			isa = PBXFrameworksBuildPhase;
			buildActionMask = 2147483647;
			files = (
			);
			runOnlyForDeploymentPostprocessing = 0;
		};
/* End PBXFrameworksBuildPhase section */

/* Begin PBXGroup section */
		B82EFA982C35804F006A818D = {
			isa = PBXGroup;
			children = (
				B82EFAA32C35804F006A818D /* MyCalories */,
				B82EFAA22C35804F006A818D /* Products */,
			);
			sourceTree = "<group>";
		};
		B82EFAA22C35804F006A818D /* Products */ = {
			isa = PBXGroup;
			children = (
				B82EFAA12C35804F006A818D /* MyCalories.app */,
			);
			name = Products;
			sourceTree = "<group>";
		};
		B82EFAA32C35804F006A818D /* MyCalories */ = {
			isa = PBXGroup;
			children = (
				B82EFAB22C3580F7006A818D /* App */,
				B82EFAB52C3581B5006A818D /* Models */,
				B82EFAB42C3581A9006A818D /* Utils */,
				B82EFAB62C3581C8006A818D /* Features */,
				B82EFAB32C35819E006A818D /* Services */,
				B82EFAB72C3581E2006A818D /* Resources */,
				B82EFAAA2C358051006A818D /* Preview Content */,
			);
			path = MyCalories;
			sourceTree = "<group>";
		};
		B82EFAAA2C358051006A818D /* Preview Content */ = {
			isa = PBXGroup;
			children = (
				B82EFAAB2C358051006A818D /* Preview Assets.xcassets */,
			);
			path = "Preview Content";
			sourceTree = "<group>";
		};
		B82EFAB22C3580F7006A818D /* App */ = {
			isa = PBXGroup;
			children = (
				B82EFAA42C35804F006A818D /* MyCaloriesApp.swift */,
			);
			path = App;
			sourceTree = "<group>";
		};
		B82EFAB32C35819E006A818D /* Services */ = {
			isa = PBXGroup;
			children = (
				14ECE0F42C36EBC60046165F /* ServiceApi.swift */,
			);
			path = Services;
			sourceTree = "<group>";
		};
		B82EFAB42C3581A9006A818D /* Utils */ = {
			isa = PBXGroup;
			children = (
				B82EFABF2C359461006A818D /* Components */,
				B8F62B6D2C361CC7004DA85D /* Styles */,
				B82EFABA2C358805006A818D /* Protocol */,
				B82EFAB92C3587FE006A818D /* Structs */,
				B82EFAB82C3587F5006A818D /* Enums */,
			);
			path = Utils;
			sourceTree = "<group>";
		};
		B82EFAB52C3581B5006A818D /* Models */ = {
			isa = PBXGroup;
			children = (
				14ECE0ED2C36EAFC0046165F /* NutritionResponse.swift */,
			);
			path = Models;
			sourceTree = "<group>";
		};
		B82EFAB62C3581C8006A818D /* Features */ = {
			isa = PBXGroup;
			children = (
				14B85AE22C3C06D7007A7004 /* OnBoardingChoseView.swift */,
			);
			path = Features;
			sourceTree = "<group>";
		};
		B82EFAB72C3581E2006A818D /* Resources */ = {
			isa = PBXGroup;
			children = (
				B82EFAA82C358051006A818D /* Assets.xcassets */,
			);
			path = Resources;
			sourceTree = "<group>";
		};
		B82EFAB82C3587F5006A818D /* Enums */ = {
			isa = PBXGroup;
			children = (
			);
			path = Enums;
			sourceTree = "<group>";
		};
		B82EFAB92C3587FE006A818D /* Structs */ = {
			isa = PBXGroup;
			children = (
			);
			path = Structs;
			sourceTree = "<group>";
		};
		B82EFABA2C358805006A818D /* Protocol */ = {
			isa = PBXGroup;
			children = (
			);
			path = Protocol;
			sourceTree = "<group>";
		};
		B82EFABF2C359461006A818D /* Components */ = {
			isa = PBXGroup;
			children = (
				14B85AE62C3C2C58007A7004 /* CardView.swift */,
			);
			path = Components;
			sourceTree = "<group>";
		};
		B8F62B6D2C361CC7004DA85D /* Styles */ = {
			isa = PBXGroup;
			children = (
				14B85AE42C3C1790007A7004 /* Layout.swift */,
			);
			path = Styles;
			sourceTree = "<group>";
		};
/* End PBXGroup section */

/* Begin PBXNativeTarget section */
		B82EFAA02C35804F006A818D /* MyCalories */ = {
			isa = PBXNativeTarget;
			buildConfigurationList = B82EFAAF2C358051006A818D /* Build configuration list for PBXNativeTarget "MyCalories" */;
			buildPhases = (
				B82EFA9D2C35804F006A818D /* Sources */,
				B82EFA9E2C35804F006A818D /* Frameworks */,
				B82EFA9F2C35804F006A818D /* Resources */,
			);
			buildRules = (
			);
			dependencies = (
			);
			name = MyCalories;
			packageProductDependencies = (
			);
			productName = MyCalories;
			productReference = B82EFAA12C35804F006A818D /* MyCalories.app */;
			productType = "com.apple.product-type.application";
		};
/* End PBXNativeTarget section */

/* Begin PBXProject section */
		B82EFA992C35804F006A818D /* Project object */ = {
			isa = PBXProject;
			attributes = {
				BuildIndependentTargetsInParallel = 1;
				LastSwiftUpdateCheck = 1540;
				LastUpgradeCheck = 1540;
				TargetAttributes = {
					B82EFAA02C35804F006A818D = {
						CreatedOnToolsVersion = 15.4;
					};
				};
			};
			buildConfigurationList = B82EFA9C2C35804F006A818D /* Build configuration list for PBXProject "MyCalories" */;
			compatibilityVersion = "Xcode 14.0";
			developmentRegion = en;
			hasScannedForEncodings = 0;
			knownRegions = (
				en,
				Base,
			);
			mainGroup = B82EFA982C35804F006A818D;
			packageReferences = (
				14ECE0EF2C36EB850046165F /* XCRemoteSwiftPackageReference "Alamofire" */,
			);
			productRefGroup = B82EFAA22C35804F006A818D /* Products */;
			projectDirPath = "";
			projectRoot = "";
			targets = (
				B82EFAA02C35804F006A818D /* MyCalories */,
			);
		};
/* End PBXProject section */

/* Begin PBXResourcesBuildPhase section */
		B82EFA9F2C35804F006A818D /* Resources */ = {
			isa = PBXResourcesBuildPhase;
			buildActionMask = 2147483647;
			files = (
				B82EFAAC2C358051006A818D /* Preview Assets.xcassets in Resources */,
				B82EFAA92C358051006A818D /* Assets.xcassets in Resources */,
			);
			runOnlyForDeploymentPostprocessing = 0;
		};
/* End PBXResourcesBuildPhase section */

/* Begin PBXSourcesBuildPhase section */
		B82EFA9D2C35804F006A818D /* Sources */ = {
			isa = PBXSourcesBuildPhase;
			buildActionMask = 2147483647;
			files = (
				14B85AE32C3C06D7007A7004 /* OnBoardingChoseView.swift in Sources */,
				B82EFAA52C35804F006A818D /* MyCaloriesApp.swift in Sources */,
				14B85AE52C3C1790007A7004 /* Layout.swift in Sources */,
				14ECE0EE2C36EAFC0046165F /* NutritionResponse.swift in Sources */,
				14B85AE72C3C2C58007A7004 /* CardView.swift in Sources */,
				14ECE0F52C36EBC60046165F /* ServiceApi.swift in Sources */,
			);
			runOnlyForDeploymentPostprocessing = 0;
		};
/* End PBXSourcesBuildPhase section */

/* Begin XCBuildConfiguration section */
		B82EFAAD2C358051006A818D /* Debug */ = {
			isa = XCBuildConfiguration;
			buildSettings = {
				ALWAYS_SEARCH_USER_PATHS = NO;
				ASSETCATALOG_COMPILER_GENERATE_SWIFT_ASSET_SYMBOL_EXTENSIONS = YES;
				CLANG_ANALYZER_NONNULL = YES;
				CLANG_ANALYZER_NUMBER_OBJECT_CONVERSION = YES_AGGRESSIVE;
				CLANG_CXX_LANGUAGE_STANDARD = "gnu++20";
				CLANG_ENABLE_MODULES = YES;
				CLANG_ENABLE_OBJC_ARC = YES;
				CLANG_ENABLE_OBJC_WEAK = YES;
				CLANG_WARN_BLOCK_CAPTURE_AUTORELEASING = YES;
				CLANG_WARN_BOOL_CONVERSION = YES;
				CLANG_WARN_COMMA = YES;
				CLANG_WARN_CONSTANT_CONVERSION = YES;
				CLANG_WARN_DEPRECATED_OBJC_IMPLEMENTATIONS = YES;
				CLANG_WARN_DIRECT_OBJC_ISA_USAGE = YES_ERROR;
				CLANG_WARN_DOCUMENTATION_COMMENTS = YES;
				CLANG_WARN_EMPTY_BODY = YES;
				CLANG_WARN_ENUM_CONVERSION = YES;
				CLANG_WARN_INFINITE_RECURSION = YES;
				CLANG_WARN_INT_CONVERSION = YES;
				CLANG_WARN_NON_LITERAL_NULL_CONVERSION = YES;
				CLANG_WARN_OBJC_IMPLICIT_RETAIN_SELF = YES;
				CLANG_WARN_OBJC_LITERAL_CONVERSION = YES;
				CLANG_WARN_OBJC_ROOT_CLASS = YES_ERROR;
				CLANG_WARN_QUOTED_INCLUDE_IN_FRAMEWORK_HEADER = YES;
				CLANG_WARN_RANGE_LOOP_ANALYSIS = YES;
				CLANG_WARN_STRICT_PROTOTYPES = YES;
				CLANG_WARN_SUSPICIOUS_MOVE = YES;
				CLANG_WARN_UNGUARDED_AVAILABILITY = YES_AGGRESSIVE;
				CLANG_WARN_UNREACHABLE_CODE = YES;
				CLANG_WARN__DUPLICATE_METHOD_MATCH = YES;
				COPY_PHASE_STRIP = NO;
				DEBUG_INFORMATION_FORMAT = dwarf;
				ENABLE_STRICT_OBJC_MSGSEND = YES;
				ENABLE_TESTABILITY = YES;
				ENABLE_USER_SCRIPT_SANDBOXING = YES;
				GCC_C_LANGUAGE_STANDARD = gnu17;
				GCC_DYNAMIC_NO_PIC = NO;
				GCC_NO_COMMON_BLOCKS = YES;
				GCC_OPTIMIZATION_LEVEL = 0;
				GCC_PREPROCESSOR_DEFINITIONS = (
					"DEBUG=1",
					"$(inherited)",
				);
				GCC_WARN_64_TO_32_BIT_CONVERSION = YES;
				GCC_WARN_ABOUT_RETURN_TYPE = YES_ERROR;
				GCC_WARN_UNDECLARED_SELECTOR = YES;
				GCC_WARN_UNINITIALIZED_AUTOS = YES_AGGRESSIVE;
				GCC_WARN_UNUSED_FUNCTION = YES;
				GCC_WARN_UNUSED_VARIABLE = YES;
				IPHONEOS_DEPLOYMENT_TARGET = 17.5;
				LOCALIZATION_PREFERS_STRING_CATALOGS = YES;
				MTL_ENABLE_DEBUG_INFO = INCLUDE_SOURCE;
				MTL_FAST_MATH = YES;
				ONLY_ACTIVE_ARCH = YES;
				SDKROOT = iphoneos;
				SWIFT_ACTIVE_COMPILATION_CONDITIONS = "DEBUG $(inherited)";
				SWIFT_OPTIMIZATION_LEVEL = "-Onone";
			};
			name = Debug;
		};
		B82EFAAE2C358051006A818D /* Release */ = {
			isa = XCBuildConfiguration;
			buildSettings = {
				ALWAYS_SEARCH_USER_PATHS = NO;
				ASSETCATALOG_COMPILER_GENERATE_SWIFT_ASSET_SYMBOL_EXTENSIONS = YES;
				CLANG_ANALYZER_NONNULL = YES;
				CLANG_ANALYZER_NUMBER_OBJECT_CONVERSION = YES_AGGRESSIVE;
				CLANG_CXX_LANGUAGE_STANDARD = "gnu++20";
				CLANG_ENABLE_MODULES = YES;
				CLANG_ENABLE_OBJC_ARC = YES;
				CLANG_ENABLE_OBJC_WEAK = YES;
				CLANG_WARN_BLOCK_CAPTURE_AUTORELEASING = YES;
				CLANG_WARN_BOOL_CONVERSION = YES;
				CLANG_WARN_COMMA = YES;
				CLANG_WARN_CONSTANT_CONVERSION = YES;
				CLANG_WARN_DEPRECATED_OBJC_IMPLEMENTATIONS = YES;
				CLANG_WARN_DIRECT_OBJC_ISA_USAGE = YES_ERROR;
				CLANG_WARN_DOCUMENTATION_COMMENTS = YES;
				CLANG_WARN_EMPTY_BODY = YES;
				CLANG_WARN_ENUM_CONVERSION = YES;
				CLANG_WARN_INFINITE_RECURSION = YES;
				CLANG_WARN_INT_CONVERSION = YES;
				CLANG_WARN_NON_LITERAL_NULL_CONVERSION = YES;
				CLANG_WARN_OBJC_IMPLICIT_RETAIN_SELF = YES;
				CLANG_WARN_OBJC_LITERAL_CONVERSION = YES;
				CLANG_WARN_OBJC_ROOT_CLASS = YES_ERROR;
				CLANG_WARN_QUOTED_INCLUDE_IN_FRAMEWORK_HEADER = YES;
				CLANG_WARN_RANGE_LOOP_ANALYSIS = YES;
				CLANG_WARN_STRICT_PROTOTYPES = YES;
				CLANG_WARN_SUSPICIOUS_MOVE = YES;
				CLANG_WARN_UNGUARDED_AVAILABILITY = YES_AGGRESSIVE;
				CLANG_WARN_UNREACHABLE_CODE = YES;
				CLANG_WARN__DUPLICATE_METHOD_MATCH = YES;
				COPY_PHASE_STRIP = NO;
				DEBUG_INFORMATION_FORMAT = "dwarf-with-dsym";
				ENABLE_NS_ASSERTIONS = NO;
				ENABLE_STRICT_OBJC_MSGSEND = YES;
				ENABLE_USER_SCRIPT_SANDBOXING = YES;
				GCC_C_LANGUAGE_STANDARD = gnu17;
				GCC_NO_COMMON_BLOCKS = YES;
				GCC_WARN_64_TO_32_BIT_CONVERSION = YES;
				GCC_WARN_ABOUT_RETURN_TYPE = YES_ERROR;
				GCC_WARN_UNDECLARED_SELECTOR = YES;
				GCC_WARN_UNINITIALIZED_AUTOS = YES_AGGRESSIVE;
				GCC_WARN_UNUSED_FUNCTION = YES;
				GCC_WARN_UNUSED_VARIABLE = YES;
				IPHONEOS_DEPLOYMENT_TARGET = 17.5;
				LOCALIZATION_PREFERS_STRING_CATALOGS = YES;
				MTL_ENABLE_DEBUG_INFO = NO;
				MTL_FAST_MATH = YES;
				SDKROOT = iphoneos;
				SWIFT_COMPILATION_MODE = wholemodule;
				VALIDATE_PRODUCT = YES;
			};
			name = Release;
		};
		B82EFAB02C358051006A818D /* Debug */ = {
			isa = XCBuildConfiguration;
			buildSettings = {
				ASSETCATALOG_COMPILER_APPICON_NAME = AppIcon;
				ASSETCATALOG_COMPILER_GLOBAL_ACCENT_COLOR_NAME = AccentColor;
				CODE_SIGN_STYLE = Automatic;
				CURRENT_PROJECT_VERSION = 1;
				DEVELOPMENT_ASSET_PATHS = "\"MyCalories/Preview Content\"";
				ENABLE_PREVIEWS = YES;
				GENERATE_INFOPLIST_FILE = YES;
				INFOPLIST_KEY_UIApplicationSceneManifest_Generation = YES;
				INFOPLIST_KEY_UIApplicationSupportsIndirectInputEvents = YES;
				INFOPLIST_KEY_UILaunchScreen_Generation = YES;
				INFOPLIST_KEY_UISupportedInterfaceOrientations_iPad = "UIInterfaceOrientationPortrait UIInterfaceOrientationPortraitUpsideDown UIInterfaceOrientationLandscapeLeft UIInterfaceOrientationLandscapeRight";
				INFOPLIST_KEY_UISupportedInterfaceOrientations_iPhone = "UIInterfaceOrientationPortrait UIInterfaceOrientationLandscapeLeft UIInterfaceOrientationLandscapeRight";
				LD_RUNPATH_SEARCH_PATHS = (
					"$(inherited)",
					"@executable_path/Frameworks",
				);
				MARKETING_VERSION = 1.0;
				PRODUCT_BUNDLE_IDENTIFIER = com.irede.MyCalories;
				PRODUCT_NAME = "$(TARGET_NAME)";
				SWIFT_EMIT_LOC_STRINGS = YES;
				SWIFT_VERSION = 5.0;
				TARGETED_DEVICE_FAMILY = "1,2";
			};
			name = Debug;
		};
		B82EFAB12C358051006A818D /* Release */ = {
			isa = XCBuildConfiguration;
			buildSettings = {
				ASSETCATALOG_COMPILER_APPICON_NAME = AppIcon;
				ASSETCATALOG_COMPILER_GLOBAL_ACCENT_COLOR_NAME = AccentColor;
				CODE_SIGN_STYLE = Automatic;
				CURRENT_PROJECT_VERSION = 1;
				DEVELOPMENT_ASSET_PATHS = "\"MyCalories/Preview Content\"";
				ENABLE_PREVIEWS = YES;
				GENERATE_INFOPLIST_FILE = YES;
				INFOPLIST_KEY_UIApplicationSceneManifest_Generation = YES;
				INFOPLIST_KEY_UIApplicationSupportsIndirectInputEvents = YES;
				INFOPLIST_KEY_UILaunchScreen_Generation = YES;
				INFOPLIST_KEY_UISupportedInterfaceOrientations_iPad = "UIInterfaceOrientationPortrait UIInterfaceOrientationPortraitUpsideDown UIInterfaceOrientationLandscapeLeft UIInterfaceOrientationLandscapeRight";
				INFOPLIST_KEY_UISupportedInterfaceOrientations_iPhone = "UIInterfaceOrientationPortrait UIInterfaceOrientationLandscapeLeft UIInterfaceOrientationLandscapeRight";
				LD_RUNPATH_SEARCH_PATHS = (
					"$(inherited)",
					"@executable_path/Frameworks",
				);
				MARKETING_VERSION = 1.0;
				PRODUCT_BUNDLE_IDENTIFIER = com.irede.MyCalories;
				PRODUCT_NAME = "$(TARGET_NAME)";
				SWIFT_EMIT_LOC_STRINGS = YES;
				SWIFT_VERSION = 5.0;
				TARGETED_DEVICE_FAMILY = "1,2";
			};
			name = Release;
		};
/* End XCBuildConfiguration section */

/* Begin XCConfigurationList section */
		B82EFA9C2C35804F006A818D /* Build configuration list for PBXProject "MyCalories" */ = {
			isa = XCConfigurationList;
			buildConfigurations = (
				B82EFAAD2C358051006A818D /* Debug */,
				B82EFAAE2C358051006A818D /* Release */,
			);
			defaultConfigurationIsVisible = 0;
			defaultConfigurationName = Release;
		};
		B82EFAAF2C358051006A818D /* Build configuration list for PBXNativeTarget "MyCalories" */ = {
			isa = XCConfigurationList;
			buildConfigurations = (
				B82EFAB02C358051006A818D /* Debug */,
				B82EFAB12C358051006A818D /* Release */,
			);
			defaultConfigurationIsVisible = 0;
			defaultConfigurationName = Release;
		};
/* End XCConfigurationList section */

/* Begin XCRemoteSwiftPackageReference section */
		14ECE0EF2C36EB850046165F /* XCRemoteSwiftPackageReference "Alamofire" */ = {
			isa = XCRemoteSwiftPackageReference;
			repositoryURL = "https://github.com/Alamofire/Alamofire.git";
			requirement = {
				kind = upToNextMajorVersion;
				minimumVersion = 5.9.1;
			};
		};
/* End XCRemoteSwiftPackageReference section */
	};
	rootObject = B82EFA992C35804F006A818D /* Project object */;
}
